// !$*UTF8*$!
{
	archiveVersion = 1;
	classes = {
	};
	objectVersion = 46;
	objects = {

/* Begin PBXBuildFile section */
		63DF5ADE1C02EF9A00EB5627 /* main.m in Sources */ = {isa = PBXBuildFile; fileRef = 63DF5ADD1C02EF9A00EB5627 /* main.m */; };
		63DF5AE11C02EF9A00EB5627 /* AppDelegate.m in Sources */ = {isa = PBXBuildFile; fileRef = 63DF5AE01C02EF9A00EB5627 /* AppDelegate.m */; };
		63DF5AE41C02EF9A00EB5627 /* ViewController.m in Sources */ = {isa = PBXBuildFile; fileRef = 63DF5AE31C02EF9A00EB5627 /* ViewController.m */; };
		63DF5AE71C02EF9A00EB5627 /* Main.storyboard in Resources */ = {isa = PBXBuildFile; fileRef = 63DF5AE51C02EF9A00EB5627 /* Main.storyboard */; };
		63DF5AE91C02EF9A00EB5627 /* Images.xcassets in Resources */ = {isa = PBXBuildFile; fileRef = 63DF5AE81C02EF9A00EB5627 /* Images.xcassets */; };
		63DF5AEC1C02EF9A00EB5627 /* LaunchScreen.xib in Resources */ = {isa = PBXBuildFile; fileRef = 63DF5AEA1C02EF9A00EB5627 /* LaunchScreen.xib */; };
		63DF5AF81C02EF9B00EB5627 /* lululuTests.m in Sources */ = {isa = PBXBuildFile; fileRef = 63DF5AF71C02EF9B00EB5627 /* lululuTests.m */; };
/* End PBXBuildFile section */

/* Begin PBXContainerItemProxy section */
		63DF5AF21C02EF9B00EB5627 /* PBXContainerItemProxy */ = {
			isa = PBXContainerItemProxy;
			containerPortal = 63DF5AD01C02EF9A00EB5627 /* Project object */;
			proxyType = 1;
			remoteGlobalIDString = 63DF5AD71C02EF9A00EB5627;
			remoteInfo = lululu;
		};
/* End PBXContainerItemProxy section */

/* Begin PBXFileReference section */
		63DF5AD81C02EF9A00EB5627 /* lululu.app */ = {isa = PBXFileReference; explicitFileType = wrapper.application; includeInIndex = 0; path = lululu.app; sourceTree = BUILT_PRODUCTS_DIR; };
		63DF5ADC1C02EF9A00EB5627 /* Info.plist */ = {isa = PBXFileReference; lastKnownFileType = text.plist.xml; path = Info.plist; sourceTree = "<group>"; };
		63DF5ADD1C02EF9A00EB5627 /* main.m */ = {isa = PBXFileReference; lastKnownFileType = sourcecode.c.objc; path = main.m; sourceTree = "<group>"; };
		63DF5ADF1C02EF9A00EB5627 /* AppDelegate.h */ = {isa = PBXFileReference; lastKnownFileType = sourcecode.c.h; path = AppDelegate.h; sourceTree = "<group>"; };
		63DF5AE01C02EF9A00EB5627 /* AppDelegate.m */ = {isa = PBXFileReference; lastKnownFileType = sourcecode.c.objc; path = AppDelegate.m; sourceTree = "<group>"; };
		63DF5AE21C02EF9A00EB5627 /* ViewController.h */ = {isa = PBXFileReference; lastKnownFileType = sourcecode.c.h; path = ViewController.h; sourceTree = "<group>"; };
		63DF5AE31C02EF9A00EB5627 /* ViewController.m */ = {isa = PBXFileReference; lastKnownFileType = sourcecode.c.objc; path = ViewController.m; sourceTree = "<group>"; };
		63DF5AE61C02EF9A00EB5627 /* Base */ = {isa = PBXFileReference; lastKnownFileType = file.storyboard; name = Base; path = Base.lproj/Main.storyboard; sourceTree = "<group>"; };
		63DF5AE81C02EF9A00EB5627 /* Images.xcassets */ = {isa = PBXFileReference; lastKnownFileType = folder.assetcatalog; path = Images.xcassets; sourceTree = "<group>"; };
		63DF5AEB1C02EF9A00EB5627 /* Base */ = {isa = PBXFileReference; lastKnownFileType = file.xib; name = Base; path = Base.lproj/LaunchScreen.xib; sourceTree = "<group>"; };
		63DF5AF11C02EF9B00EB5627 /* lululuTests.xctest */ = {isa = PBXFileReference; explicitFileType = wrapper.cfbundle; includeInIndex = 0; path = lululuTests.xctest; sourceTree = BUILT_PRODUCTS_DIR; };
		63DF5AF61C02EF9B00EB5627 /* Info.plist */ = {isa = PBXFileReference; lastKnownFileType = text.plist.xml; path = Info.plist; sourceTree = "<group>"; };
		63DF5AF71C02EF9B00EB5627 /* lululuTests.m */ = {isa = PBXFileReference; lastKnownFileType = sourcecode.c.objc; path = lululuTests.m; sourceTree = "<group>"; };
/* End PBXFileReference section */

/* Begin PBXFrameworksBuildPhase section */
		63DF5AD51C02EF9A00EB5627 /* Frameworks */ = {
			isa = PBXFrameworksBuildPhase;
			buildActionMask = 2147483647;
			files = (
			);
			runOnlyForDeploymentPostprocessing = 0;
		};
		63DF5AEE1C02EF9B00EB5627 /* Frameworks */ = {
			isa = PBXFrameworksBuildPhase;
			buildActionMask = 2147483647;
			files = (
			);
			runOnlyForDeploymentPostprocessing = 0;
		};
/* End PBXFrameworksBuildPhase section */

/* Begin PBXGroup section */
		63DF5ACF1C02EF9A00EB5627 = {
			isa = PBXGroup;
			children = (
				63DF5ADA1C02EF9A00EB5627 /* lululu */,
				63DF5AF41C02EF9B00EB5627 /* lululuTests */,
				63DF5AD91C02EF9A00EB5627 /* Products */,
			);
			sourceTree = "<group>";
		};
		63DF5AD91C02EF9A00EB5627 /* Products */ = {
			isa = PBXGroup;
			children = (
				63DF5AD81C02EF9A00EB5627 /* lululu.app */,
				63DF5AF11C02EF9B00EB5627 /* lululuTests.xctest */,
			);
			name = Products;
			sourceTree = "<group>";
		};
		63DF5ADA1C02EF9A00EB5627 /* lululu */ = {
			isa = PBXGroup;
			children = (
				63DF5ADF1C02EF9A00EB5627 /* AppDelegate.h */,
				63DF5AE01C02EF9A00EB5627 /* AppDelegate.m */,
				63DF5AE21C02EF9A00EB5627 /* ViewController.h */,
				63DF5AE31C02EF9A00EB5627 /* ViewController.m */,
				63DF5AE51C02EF9A00EB5627 /* Main.storyboard */,
				63DF5AE81C02EF9A00EB5627 /* Images.xcassets */,
				63DF5AEA1C02EF9A00EB5627 /* LaunchScreen.xib */,
				63DF5ADB1C02EF9A00EB5627 /* Supporting Files */,
			);
			path = lululu;
			sourceTree = "<group>";
		};
		63DF5ADB1C02EF9A00EB5627 /* Supporting Files */ = {
			isa = PBXGroup;
			children = (
				63DF5ADC1C02EF9A00EB5627 /* Info.plist */,
				63DF5ADD1C02EF9A00EB5627 /* main.m */,
			);
			name = "Supporting Files";
			sourceTree = "<group>";
		};
		63DF5AF41C02EF9B00EB5627 /* lululuTests */ = {
			isa = PBXGroup;
			children = (
				63DF5AF71C02EF9B00EB5627 /* lululuTests.m */,
				63DF5AF51C02EF9B00EB5627 /* Supporting Files */,
			);
			path = lululuTests;
			sourceTree = "<group>";
		};
		63DF5AF51C02EF9B00EB5627 /* Supporting Files */ = {
			isa = PBXGroup;
			children = (
				63DF5AF61C02EF9B00EB5627 /* Info.plist */,
			);
			name = "Supporting Files";
			sourceTree = "<group>";
		};
/* End PBXGroup section */

/* Begin PBXNativeTarget section */
		63DF5AD71C02EF9A00EB5627 /* lululu */ = {
			isa = PBXNativeTarget;
			buildConfigurationList = 63DF5AFB1C02EF9B00EB5627 /* Build configuration list for PBXNativeTarget "lululu" */;
			buildPhases = (
				63DF5AD41C02EF9A00EB5627 /* Sources */,
				63DF5AD51C02EF9A00EB5627 /* Frameworks */,
				63DF5AD61C02EF9A00EB5627 /* Resources */,
			);
			buildRules = (
			);
			dependencies = (
			);
			name = lululu;
			productName = lululu;
			productReference = 63DF5AD81C02EF9A00EB5627 /* lululu.app */;
			productType = "com.apple.product-type.application";
		};
		63DF5AF01C02EF9B00EB5627 /* lululuTests */ = {
			isa = PBXNativeTarget;
			buildConfigurationList = 63DF5AFE1C02EF9B00EB5627 /* Build configuration list for PBXNativeTarget "lululuTests" */;
			buildPhases = (
				63DF5AED1C02EF9B00EB5627 /* Sources */,
				63DF5AEE1C02EF9B00EB5627 /* Frameworks */,
				63DF5AEF1C02EF9B00EB5627 /* Resources */,
			);
			buildRules = (
			);
			dependencies = (
				63DF5AF31C02EF9B00EB5627 /* PBXTargetDependency */,
			);
			name = lululuTests;
			productName = lululuTests;
			productReference = 63DF5AF11C02EF9B00EB5627 /* lululuTests.xctest */;
			productType = "com.apple.product-type.bundle.unit-test";
		};
/* End PBXNativeTarget section */

/* Begin PBXProject section */
		63DF5AD01C02EF9A00EB5627 /* Project object */ = {
			isa = PBXProject;
			attributes = {
				LastUpgradeCheck = 0640;
				ORGANIZATIONNAME = "王伟";
				TargetAttributes = {
					63DF5AD71C02EF9A00EB5627 = {
						CreatedOnToolsVersion = 6.4;
					};
					63DF5AF01C02EF9B00EB5627 = {
						CreatedOnToolsVersion = 6.4;
						TestTargetID = 63DF5AD71C02EF9A00EB5627;
					};
				};
			};
			buildConfigurationList = 63DF5AD31C02EF9A00EB5627 /* Build configuration list for PBXProject "lululu" */;
			compatibilityVersion = "Xcode 3.2";
			developmentRegion = English;
			hasScannedForEncodings = 0;
			knownRegions = (
				en,
				Base,
			);
			mainGroup = 63DF5ACF1C02EF9A00EB5627;
			productRefGroup = 63DF5AD91C02EF9A00EB5627 /* Products */;
			projectDirPath = "";
			projectRoot = "";
			targets = (
				63DF5AD71C02EF9A00EB5627 /* lululu */,
				63DF5AF01C02EF9B00EB5627 /* lululuTests */,
			);
		};
/* End PBXProject section */

/* Begin PBXResourcesBuildPhase section */
		63DF5AD61C02EF9A00EB5627 /* Resources */ = {
			isa = PBXResourcesBuildPhase;
			buildActionMask = 2147483647;
			files = (
				63DF5AE71C02EF9A00EB5627 /* Main.storyboard in Resources */,
				63DF5AEC1C02EF9A00EB5627 /* LaunchScreen.xib in Resources */,
				63DF5AE91C02EF9A00EB5627 /* Images.xcassets in Resources */,
			);
			runOnlyForDeploymentPostprocessing = 0;
		};
		63DF5AEF1C02EF9B00EB5627 /* Resources */ = {
			isa = PBXResourcesBuildPhase;
			buildActionMask = 2147483647;
			files = (
			);
			runOnlyForDeploymentPostprocessing = 0;
		};
/* End PBXResourcesBuildPhase section */

/* Begin PBXSourcesBuildPhase section */
		63DF5AD41C02EF9A00EB5627 /* Sources */ = {
			isa = PBXSourcesBuildPhase;
			buildActionMask = 2147483647;
			files = (
				63DF5AE41C02EF9A00EB5627 /* ViewController.m in Sources */,
				63DF5AE11C02EF9A00EB5627 /* AppDelegate.m in Sources */,
				63DF5ADE1C02EF9A00EB5627 /* main.m in Sources */,
			);
			runOnlyForDeploymentPostprocessing = 0;
		};
		63DF5AED1C02EF9B00EB5627 /* Sources */ = {
			isa = PBXSourcesBuildPhase;
			buildActionMask = 2147483647;
			files = (
				63DF5AF81C02EF9B00EB5627 /* lululuTests.m in Sources */,
			);
			runOnlyForDeploymentPostprocessing = 0;
		};
/* End PBXSourcesBuildPhase section */

/* Begin PBXTargetDependency section */
		63DF5AF31C02EF9B00EB5627 /* PBXTargetDependency */ = {
			isa = PBXTargetDependency;
			target = 63DF5AD71C02EF9A00EB5627 /* lululu */;
			targetProxy = 63DF5AF21C02EF9B00EB5627 /* PBXContainerItemProxy */;
		};
/* End PBXTargetDependency section */

/* Begin PBXVariantGroup section */
		63DF5AE51C02EF9A00EB5627 /* Main.storyboard */ = {
			isa = PBXVariantGroup;
			children = (
				63DF5AE61C02EF9A00EB5627 /* Base */,
			);
			name = Main.storyboard;
			sourceTree = "<group>";
		};
		63DF5AEA1C02EF9A00EB5627 /* LaunchScreen.xib */ = {
			isa = PBXVariantGroup;
			children = (
				63DF5AEB1C02EF9A00EB5627 /* Base */,
			);
			name = LaunchScreen.xib;
			sourceTree = "<group>";
		};
/* End PBXVariantGroup section */

/* Begin XCBuildConfiguration section */
		63DF5AF91C02EF9B00EB5627 /* Debug */ = {
			isa = XCBuildConfiguration;
			buildSettings = {
				ALWAYS_SEARCH_USER_PATHS = NO;
				CLANG_CXX_LANGUAGE_STANDARD = "gnu++0x";
				CLANG_CXX_LIBRARY = "libc++";
				CLANG_ENABLE_MODULES = YES;
				CLANG_ENABLE_OBJC_ARC = YES;
				CLANG_WARN_BOOL_CONVERSION = YES;
				CLANG_WARN_CONSTANT_CONVERSION = YES;
				CLANG_WARN_DIRECT_OBJC_ISA_USAGE = YES_ERROR;
				CLANG_WARN_EMPTY_BODY = YES;
				CLANG_WARN_ENUM_CONVERSION = YES;
				CLANG_WARN_INT_CONVERSION = YES;
				CLANG_WARN_OBJC_ROOT_CLASS = YES_ERROR;
				CLANG_WARN_UNREACHABLE_CODE = YES;
				CLANG_WARN__DUPLICATE_METHOD_MATCH = YES;
				"CODE_SIGN_IDENTITY[sdk=iphoneos*]" = "iPhone Developer";
				COPY_PHASE_STRIP = NO;
				DEBUG_INFORMATION_FORMAT = "dwarf-with-dsym";
				ENABLE_STRICT_OBJC_MSGSEND = YES;
				GCC_C_LANGUAGE_STANDARD = gnu99;
				GCC_DYNAMIC_NO_PIC = NO;
				GCC_NO_COMMON_BLOCKS = YES;
				GCC_OPTIMIZATION_LEVEL = 0;
				GCC_PREPROCESSOR_DEFINITIONS = (
					"DEBUG=1",
					"$(inherited)",
				);
				GCC_SYMBOLS_PRIVATE_EXTERN = NO;
				GCC_WARN_64_TO_32_BIT_CONVERSION = YES;
				GCC_WARN_ABOUT_RETURN_TYPE = YES_ERROR;
				GCC_WARN_UNDECLARED_SELECTOR = YES;
				GCC_WARN_UNINITIALIZED_AUTOS = YES_AGGRESSIVE;
				GCC_WARN_UNUSED_FUNCTION = YES;
				GCC_WARN_UNUSED_VARIABLE = YES;
				IPHONEOS_DEPLOYMENT_TARGET = 8.4;
				MTL_ENABLE_DEBUG_INFO = YES;
				ONLY_ACTIVE_ARCH = YES;
				SDKROOT = iphoneos;
				TARGETED_DEVICE_FAMILY = "1,2";
			};
			name = Debug;
		};
		63DF5AFA1C02EF9B00EB5627 /* Release */ = {
			isa = XCBuildConfiguration;
			buildSettings = {
				ALWAYS_SEARCH_USER_PATHS = NO;
				CLANG_CXX_LANGUAGE_STANDARD = "gnu++0x";
				CLANG_CXX_LIBRARY = "libc++";
				CLANG_ENABLE_MODULES = YES;
				CLANG_ENABLE_OBJC_ARC = YES;
				CLANG_WARN_BOOL_CONVERSION = YES;
				CLANG_WARN_CONSTANT_CONVERSION = YES;
				CLANG_WARN_DIRECT_OBJC_ISA_USAGE = YES_ERROR;
				CLANG_WARN_EMPTY_BODY = YES;
				CLANG_WARN_ENUM_CONVERSION = YES;
				CLANG_WARN_INT_CONVERSION = YES;
				CLANG_WARN_OBJC_ROOT_CLASS = YES_ERROR;
				CLANG_WARN_UNREACHABLE_CODE = YES;
				CLANG_WARN__DUPLICATE_METHOD_MATCH = YES;
				"CODE_SIGN_IDENTITY[sdk=iphoneos*]" = "iPhone Developer";
				COPY_PHASE_STRIP = NO;
				DEBUG_INFORMATION_FORMAT = "dwarf-with-dsym";
				ENABLE_NS_ASSERTIONS = NO;
				ENABLE_STRICT_OBJC_MSGSEND = YES;
				GCC_C_LANGUAGE_STANDARD = gnu99;
				GCC_NO_COMMON_BLOCKS = YES;
				GCC_WARN_64_TO_32_BIT_CONVERSION = YES;
				GCC_WARN_ABOUT_RETURN_TYPE = YES_ERROR;
				GCC_WARN_UNDECLARED_SELECTOR = YES;
				GCC_WARN_UNINITIALIZED_AUTOS = YES_AGGRESSIVE;
				GCC_WARN_UNUSED_FUNCTION = YES;
				GCC_WARN_UNUSED_VARIABLE = YES;
				IPHONEOS_DEPLOYMENT_TARGET = 8.4;
				MTL_ENABLE_DEBUG_INFO = NO;
				SDKROOT = iphoneos;
				TARGETED_DEVICE_FAMILY = "1,2";
				VALIDATE_PRODUCT = YES;
			};
			name = Release;
		};
		63DF5AFC1C02EF9B00EB5627 /* Debug */ = {
			isa = XCBuildConfiguration;
			buildSettings = {
				ASSETCATALOG_COMPILER_APPICON_NAME = AppIcon;
				INFOPLIST_FILE = lululu/Info.plist;
				LD_RUNPATH_SEARCH_PATHS = "$(inherited) @executable_path/Frameworks";
				PRODUCT_NAME = "$(TARGET_NAME)";
			};
			name = Debug;
		};
		63DF5AFD1C02EF9B00EB5627 /* Release */ = {
			isa = XCBuildConfiguration;
			buildSettings = {
				ASSETCATALOG_COMPILER_APPICON_NAME = AppIcon;
				INFOPLIST_FILE = lululu/Info.plist;
				LD_RUNPATH_SEARCH_PATHS = "$(inherited) @executable_path/Frameworks";
				PRODUCT_NAME = "$(TARGET_NAME)";
			};
			name = Release;
		};
		63DF5AFF1C02EF9B00EB5627 /* Debug */ = {
			isa = XCBuildConfiguration;
			buildSettings = {
				BUNDLE_LOADER = "$(TEST_HOST)";
				FRAMEWORK_SEARCH_PATHS = (
					"$(SDKROOT)/Developer/Library/Frameworks",
					"$(inherited)",
				);
				GCC_PREPROCESSOR_DEFINITIONS = (
					"DEBUG=1",
					"$(inherited)",
				);
				INFOPLIST_FILE = lululuTests/Info.plist;
				LD_RUNPATH_SEARCH_PATHS = "$(inherited) @executable_path/Frameworks @loader_path/Frameworks";
				PRODUCT_NAME = "$(TARGET_NAME)";
				TEST_HOST = "$(BUILT_PRODUCTS_DIR)/lululu.app/lululu";
			};
			name = Debug;
		};
		63DF5B001C02EF9B00EB5627 /* Release */ = {
			isa = XCBuildConfiguration;
			buildSettings = {
				BUNDLE_LOADER = "$(TEST_HOST)";
				FRAMEWORK_SEARCH_PATHS = (
					"$(SDKROOT)/Developer/Library/Frameworks",
					"$(inherited)",
				);
				INFOPLIST_FILE = lululuTests/Info.plist;
				LD_RUNPATH_SEARCH_PATHS = "$(inherited) @executable_path/Frameworks @loader_path/Frameworks";
				PRODUCT_NAME = "$(TARGET_NAME)";
				TEST_HOST = "$(BUILT_PRODUCTS_DIR)/lululu.app/lululu";
			};
			name = Release;
		};
/* End XCBuildConfiguration section */

/* Begin XCConfigurationList section */
		63DF5AD31C02EF9A00EB5627 /* Build configuration list for PBXProject "lululu" */ = {
			isa = XCConfigurationList;
			buildConfigurations = (
				63DF5AF91C02EF9B00EB5627 /* Debug */,
				63DF5AFA1C02EF9B00EB5627 /* Release */,
			);
			defaultConfigurationIsVisible = 0;
			defaultConfigurationName = Release;
		};
		63DF5AFB1C02EF9B00EB5627 /* Build configuration list for PBXNativeTarget "lululu" */ = {
			isa = XCConfigurationList;
			buildConfigurations = (
				63DF5AFC1C02EF9B00EB5627 /* Debug */,
				63DF5AFD1C02EF9B00EB5627 /* Release */,
			);
			defaultConfigurationIsVisible = 0;
		};
		63DF5AFE1C02EF9B00EB5627 /* Build configuration list for PBXNativeTarget "lululuTests" */ = {
			isa = XCConfigurationList;
			buildConfigurations = (
				63DF5AFF1C02EF9B00EB5627 /* Debug */,
				63DF5B001C02EF9B00EB5627 /* Release */,
			);
			defaultConfigurationIsVisible = 0;
		};
/* End XCConfigurationList section */
	};
	rootObject = 63DF5AD01C02EF9A00EB5627 /* Project object */;
}
